// !$*UTF8*$!
{
	archiveVersion = 1;
	classes = {
	};
	objectVersion = 77;
	objects = {

/* Begin PBXBuildFile section */
		0238EC82EA59A68949171923 /* StoriesView.swift in Sources */ = {isa = PBXBuildFile; fileRef = DC7858535993E924D5B29FE2 /* StoriesView.swift */; };
		08C109A163C0F6583BA7E4A6 /* BreedInfoView.swift in Sources */ = {isa = PBXBuildFile; fileRef = 7224D63D4A35691E4D41DA74 /* BreedInfoView.swift */; };
		0980A30356F90745CE1ADA71 /* MapView.swift in Sources */ = {isa = PBXBuildFile; fileRef = CC0266DA5C8C8B09BBB527AC /* MapView.swift */; };
		1947D00FE715F1A16AA36BBB /* OnboardingView.swift in Sources */ = {isa = PBXBuildFile; fileRef = 687ADB0D044EEC18770F86A5 /* OnboardingView.swift */; };
		2703B78860311C356505800D /* EventsView.swift in Sources */ = {isa = PBXBuildFile; fileRef = 350350892AD2BBE520840B54 /* EventsView.swift */; };
		2752FCA3F07864B74699C9EA /* PlaydateView.swift in Sources */ = {isa = PBXBuildFile; fileRef = 09F3259603CB6897F6EF587E /* PlaydateView.swift */; };
		2CE681F78D812020E2819022 /* PublicDogProfileView.swift in Sources */ = {isa = PBXBuildFile; fileRef = 18F52F6575CA31B5A1247A12 /* PublicDogProfileView.swift */; };
		2D82FEB76B7C227EFC2C627A /* Assets.xcassets in Resources */ = {isa = PBXBuildFile; fileRef = 71B1E428D0C4ED0521B742EB /* Assets.xcassets */; };
		2EE4FCC7FF119EF75A8931E8 /* DogProfileView.swift in Sources */ = {isa = PBXBuildFile; fileRef = 4BAA5499866689C82B955308 /* DogProfileView.swift */; };
		34904885E94B20DDA30A6645 /* DigitalPassportView.swift in Sources */ = {isa = PBXBuildFile; fileRef = 5ED0C58FA0EF19E400525463 /* DigitalPassportView.swift */; };
		3D96C6CE5171B65190B95516 /* SignInView.swift in Sources */ = {isa = PBXBuildFile; fileRef = 0F5ABAD4B64B04BF2A92025D /* SignInView.swift */; };
		535C207F707CCAF6AE3C7367 /* OhPuppyApp.swift in Sources */ = {isa = PBXBuildFile; fileRef = 40DE1C57A0039F3A5A228D61 /* OhPuppyApp.swift */; };
		54B98F7D4094D39D9386B1EA /* RootView.swift in Sources */ = {isa = PBXBuildFile; fileRef = B840E75F25909FC3D8D7C42C /* RootView.swift */; };
		5A83DE3F171C59D4AF970C19 /* EditDogView.swift in Sources */ = {isa = PBXBuildFile; fileRef = 59F15CC57B99C6737349C122 /* EditDogView.swift */; };
		5ABDFB3070B62881CB4D11C2 /* AddDogView.swift in Sources */ = {isa = PBXBuildFile; fileRef = 9049C2F8FC3C3AE9D6CBFA9A /* AddDogView.swift */; };
		61F5C6408329A2A20512F911 /* DogWalkerView.swift in Sources */ = {isa = PBXBuildFile; fileRef = AB4B5D807E78B4E8C08751D8 /* DogWalkerView.swift */; };
		697B49DA0A14486DBFED8BA2 /* DogStatusView.swift in Sources */ = {isa = PBXBuildFile; fileRef = A26CC046957A4E82C3BCD51B /* DogStatusView.swift */; };
		6BB80835D21596A313046C4E /* LostDogView.swift in Sources */ = {isa = PBXBuildFile; fileRef = 6E1B03CF5E30DBE8C667CB00 /* LostDogView.swift */; };
		7239947E19916A8070946835 /* HomeView.swift in Sources */ = {isa = PBXBuildFile; fileRef = AC7C48B4BA2B27BE8350399E /* HomeView.swift */; };
		83809D3D3C60E5BB11D97602 /* DogListView.swift in Sources */ = {isa = PBXBuildFile; fileRef = CE8F875FF235FEC4F823FF57 /* DogListView.swift */; };
		8415CAFB4DCC59790CC2F1CE /* HealthScoreView.swift in Sources */ = {isa = PBXBuildFile; fileRef = B12DF48A55C5AD1E71423318 /* HealthScoreView.swift */; };
		870226A94482561B9795D7AB /* SettingsView.swift in Sources */ = {isa = PBXBuildFile; fileRef = 243B73CCA3C1D0F487A73304 /* SettingsView.swift */; };
		8CF8A6CAD76646644C765819 /* FeedView.swift in Sources */ = {isa = PBXBuildFile; fileRef = 5A8CE3C92C7A56CE3319ECF0 /* FeedView.swift */; };
		90DBAA3018ACC7A5E178C1AB /* BreedRecommendationsView.swift in Sources */ = {isa = PBXBuildFile; fileRef = DB9E9E4FBEF43128C167CD9B /* BreedRecommendationsView.swift */; };
		9408B7574A1D3B4A3ED5014D /* OPTheme.swift in Sources */ = {isa = PBXBuildFile; fileRef = D01EE4C57296FB37CC6A8A15 /* OPTheme.swift */; };
		94F6446B269863D959C60566 /* Models.swift in Sources */ = {isa = PBXBuildFile; fileRef = 6366986CAD1B625FAE969EAD /* Models.swift */; };
		9A8A155F8E404D2532AA92A0 /* TimelineView.swift in Sources */ = {isa = PBXBuildFile; fileRef = 79C52C1238C5799FFB0E3AA7 /* TimelineView.swift */; };
		9E59B5DDCB70788A5D2246D6 /* GroomingView.swift in Sources */ = {isa = PBXBuildFile; fileRef = 02C81F4FE7127B926308A09E /* GroomingView.swift */; };
		AED8FA5BF4C9A6BACD75C317 /* VaccineListView.swift in Sources */ = {isa = PBXBuildFile; fileRef = F287D868FBB8F4ED7AB6031A /* VaccineListView.swift */; };
		B414EE61446AD3318181909A /* AppStore.swift in Sources */ = {isa = PBXBuildFile; fileRef = BD69E770B95B830C1E0FA224 /* AppStore.swift */; };
		C8050838762E46F85D4D040B /* ChatView.swift in Sources */ = {isa = PBXBuildFile; fileRef = 2724D5705B8A12E546C84F00 /* ChatView.swift */; };
		CBCBA8BE6411CA3E26579C5B /* GrowthChartView.swift in Sources */ = {isa = PBXBuildFile; fileRef = A58012FD933D791BF72B09C9 /* GrowthChartView.swift */; };
		CFAFFD2EDC5CEED357833173 /* PlacesView.swift in Sources */ = {isa = PBXBuildFile; fileRef = CCA6FCDED2CEB5AEBEB4AA47 /* PlacesView.swift */; };
		D4FC60DDE7C89B607009D4E8 /* MilestonesView.swift in Sources */ = {isa = PBXBuildFile; fileRef = 01B5D88B5B1210DF44E9DE20 /* MilestonesView.swift */; };
		D70DD15C5A9E0FDA99F8DD00 /* WeightView.swift in Sources */ = {isa = PBXBuildFile; fileRef = D572B8D10728EEBA33F71B6F /* WeightView.swift */; };
		EA9D205295859ED290D17292 /* MedicationsView.swift in Sources */ = {isa = PBXBuildFile; fileRef = 627AD86B188B39011C0B12CD /* MedicationsView.swift */; };
		EFB423B8D304172D0B9044E2 /* SharedComponents.swift in Sources */ = {isa = PBXBuildFile; fileRef = 8EDFC7F28B2E786B1EDE571C /* SharedComponents.swift */; };
		F6A03916132E5299A1A05B51 /* VetVisitsView.swift in Sources */ = {isa = PBXBuildFile; fileRef = 8115BDA3305C7166D0C2DA62 /* VetVisitsView.swift */; };
		42757F63047A4BE4BF47CCF2 /* MarketplaceView.swift in Sources */ = {isa = PBXBuildFile; fileRef = 47A6DDF1A3D14276BC820A53 /* MarketplaceView.swift */; };
/* End PBXBuildFile section */

/* Begin PBXFileReference section */
		01B5D88B5B1210DF44E9DE20 /* MilestonesView.swift */ = {isa = PBXFileReference; lastKnownFileType = sourcecode.swift; path = MilestonesView.swift; sourceTree = "<group>"; };
		02C81F4FE7127B926308A09E /* GroomingView.swift */ = {isa = PBXFileReference; lastKnownFileType = sourcecode.swift; path = GroomingView.swift; sourceTree = "<group>"; };
		09F3259603CB6897F6EF587E /* PlaydateView.swift */ = {isa = PBXFileReference; lastKnownFileType = sourcecode.swift; path = PlaydateView.swift; sourceTree = "<group>"; };
		0F5ABAD4B64B04BF2A92025D /* SignInView.swift */ = {isa = PBXFileReference; lastKnownFileType = sourcecode.swift; path = SignInView.swift; sourceTree = "<group>"; };
		18F52F6575CA31B5A1247A12 /* PublicDogProfileView.swift */ = {isa = PBXFileReference; lastKnownFileType = sourcecode.swift; path = PublicDogProfileView.swift; sourceTree = "<group>"; };
		243B73CCA3C1D0F487A73304 /* SettingsView.swift */ = {isa = PBXFileReference; lastKnownFileType = sourcecode.swift; path = SettingsView.swift; sourceTree = "<group>"; };
		2724D5705B8A12E546C84F00 /* ChatView.swift */ = {isa = PBXFileReference; lastKnownFileType = sourcecode.swift; path = ChatView.swift; sourceTree = "<group>"; };
		350350892AD2BBE520840B54 /* EventsView.swift */ = {isa = PBXFileReference; lastKnownFileType = sourcecode.swift; path = EventsView.swift; sourceTree = "<group>"; };
		40DE1C57A0039F3A5A228D61 /* OhPuppyApp.swift */ = {isa = PBXFileReference; lastKnownFileType = sourcecode.swift; path = OhPuppyApp.swift; sourceTree = "<group>"; };
		4BAA5499866689C82B955308 /* DogProfileView.swift */ = {isa = PBXFileReference; lastKnownFileType = sourcecode.swift; path = DogProfileView.swift; sourceTree = "<group>"; };
		59F15CC57B99C6737349C122 /* EditDogView.swift */ = {isa = PBXFileReference; lastKnownFileType = sourcecode.swift; path = EditDogView.swift; sourceTree = "<group>"; };
		5A8CE3C92C7A56CE3319ECF0 /* FeedView.swift */ = {isa = PBXFileReference; lastKnownFileType = sourcecode.swift; path = FeedView.swift; sourceTree = "<group>"; };
		5ED0C58FA0EF19E400525463 /* DigitalPassportView.swift */ = {isa = PBXFileReference; lastKnownFileType = sourcecode.swift; path = DigitalPassportView.swift; sourceTree = "<group>"; };
		627AD86B188B39011C0B12CD /* MedicationsView.swift */ = {isa = PBXFileReference; lastKnownFileType = sourcecode.swift; path = MedicationsView.swift; sourceTree = "<group>"; };
		6366986CAD1B625FAE969EAD /* Models.swift */ = {isa = PBXFileReference; lastKnownFileType = sourcecode.swift; path = Models.swift; sourceTree = "<group>"; };
		687ADB0D044EEC18770F86A5 /* OnboardingView.swift */ = {isa = PBXFileReference; lastKnownFileType = sourcecode.swift; path = OnboardingView.swift; sourceTree = "<group>"; };
		6E1B03CF5E30DBE8C667CB00 /* LostDogView.swift */ = {isa = PBXFileReference; lastKnownFileType = sourcecode.swift; path = LostDogView.swift; sourceTree = "<group>"; };
		71B1E428D0C4ED0521B742EB /* Assets.xcassets */ = {isa = PBXFileReference; lastKnownFileType = folder.assetcatalog; path = Assets.xcassets; sourceTree = "<group>"; };
		7224D63D4A35691E4D41DA74 /* BreedInfoView.swift */ = {isa = PBXFileReference; lastKnownFileType = sourcecode.swift; path = BreedInfoView.swift; sourceTree = "<group>"; };
		74ECDA6826DA3A26F2C16AC2 /* OhPuppy.app */ = {isa = PBXFileReference; includeInIndex = 0; lastKnownFileType = wrapper.application; path = OhPuppy.app; sourceTree = BUILT_PRODUCTS_DIR; };
		79C52C1238C5799FFB0E3AA7 /* TimelineView.swift */ = {isa = PBXFileReference; lastKnownFileType = sourcecode.swift; path = TimelineView.swift; sourceTree = "<group>"; };
		8115BDA3305C7166D0C2DA62 /* VetVisitsView.swift */ = {isa = PBXFileReference; lastKnownFileType = sourcecode.swift; path = VetVisitsView.swift; sourceTree = "<group>"; };
		8EDFC7F28B2E786B1EDE571C /* SharedComponents.swift */ = {isa = PBXFileReference; lastKnownFileType = sourcecode.swift; path = SharedComponents.swift; sourceTree = "<group>"; };
		9049C2F8FC3C3AE9D6CBFA9A /* AddDogView.swift */ = {isa = PBXFileReference; lastKnownFileType = sourcecode.swift; path = AddDogView.swift; sourceTree = "<group>"; };
		A26CC046957A4E82C3BCD51B /* DogStatusView.swift */ = {isa = PBXFileReference; lastKnownFileType = sourcecode.swift; path = DogStatusView.swift; sourceTree = "<group>"; };
		A58012FD933D791BF72B09C9 /* GrowthChartView.swift */ = {isa = PBXFileReference; lastKnownFileType = sourcecode.swift; path = GrowthChartView.swift; sourceTree = "<group>"; };
		AB4B5D807E78B4E8C08751D8 /* DogWalkerView.swift */ = {isa = PBXFileReference; lastKnownFileType = sourcecode.swift; path = DogWalkerView.swift; sourceTree = "<group>"; };
		AC7C48B4BA2B27BE8350399E /* HomeView.swift */ = {isa = PBXFileReference; lastKnownFileType = sourcecode.swift; path = HomeView.swift; sourceTree = "<group>"; };
		B12DF48A55C5AD1E71423318 /* HealthScoreView.swift */ = {isa = PBXFileReference; lastKnownFileType = sourcecode.swift; path = HealthScoreView.swift; sourceTree = "<group>"; };
		B840E75F25909FC3D8D7C42C /* RootView.swift */ = {isa = PBXFileReference; lastKnownFileType = sourcecode.swift; path = RootView.swift; sourceTree = "<group>"; };
		BD69E770B95B830C1E0FA224 /* AppStore.swift */ = {isa = PBXFileReference; lastKnownFileType = sourcecode.swift; path = AppStore.swift; sourceTree = "<group>"; };
		CC0266DA5C8C8B09BBB527AC /* MapView.swift */ = {isa = PBXFileReference; lastKnownFileType = sourcecode.swift; path = MapView.swift; sourceTree = "<group>"; };
		CCA6FCDED2CEB5AEBEB4AA47 /* PlacesView.swift */ = {isa = PBXFileReference; lastKnownFileType = sourcecode.swift; path = PlacesView.swift; sourceTree = "<group>"; };
		CE8F875FF235FEC4F823FF57 /* DogListView.swift */ = {isa = PBXFileReference; lastKnownFileType = sourcecode.swift; path = DogListView.swift; sourceTree = "<group>"; };
		D01EE4C57296FB37CC6A8A15 /* OPTheme.swift */ = {isa = PBXFileReference; lastKnownFileType = sourcecode.swift; path = OPTheme.swift; sourceTree = "<group>"; };
		D572B8D10728EEBA33F71B6F /* WeightView.swift */ = {isa = PBXFileReference; lastKnownFileType = sourcecode.swift; path = WeightView.swift; sourceTree = "<group>"; };
		DB9E9E4FBEF43128C167CD9B /* BreedRecommendationsView.swift */ = {isa = PBXFileReference; lastKnownFileType = sourcecode.swift; path = BreedRecommendationsView.swift; sourceTree = "<group>"; };
		DC7858535993E924D5B29FE2 /* StoriesView.swift */ = {isa = PBXFileReference; lastKnownFileType = sourcecode.swift; path = StoriesView.swift; sourceTree = "<group>"; };
		F287D868FBB8F4ED7AB6031A /* VaccineListView.swift */ = {isa = PBXFileReference; lastKnownFileType = sourcecode.swift; path = VaccineListView.swift; sourceTree = "<group>"; };
		47A6DDF1A3D14276BC820A53 /* MarketplaceView.swift */ = {isa = PBXFileReference; lastKnownFileType = sourcecode.swift; path = MarketplaceView.swift; sourceTree = "<group>"; };
/* End PBXFileReference section */

/* Begin PBXGroup section */
		0279D7BBB4F7BAA3D2328795 /* Onboarding */ = {
			isa = PBXGroup;
			children = (
				687ADB0D044EEC18770F86A5 /* OnboardingView.swift */,
				0F5ABAD4B64B04BF2A92025D /* SignInView.swift */,
			);
			path = Onboarding;
			sourceTree = "<group>";
		};
		185CC291BBB19AB5E4DE2F93 /* Vaccines */ = {
			isa = PBXGroup;
			children = (
				F287D868FBB8F4ED7AB6031A /* VaccineListView.swift */,
			);
			path = Vaccines;
			sourceTree = "<group>";
		};
		1EB01D1124811B8408DA06D0 /* Grooming */ = {
			isa = PBXGroup;
			children = (
				02C81F4FE7127B926308A09E /* GroomingView.swift */,
			);
			path = Grooming;
			sourceTree = "<group>";
		};
		215636E4BAF2876B9A6D5A29 /* Core */ = {
			isa = PBXGroup;
			children = (
				B18F54CA13FF5E96BA98F05C /* Models */,
				F59511E0EC454FA39DD90C49 /* Store */,
				54457660350120DF3AA5A747 /* Theme */,
			);
			path = Core;
			sourceTree = "<group>";
		};
		272EC47B08A546727E13DCDA /* Dogs */ = {
			isa = PBXGroup;
			children = (
				9049C2F8FC3C3AE9D6CBFA9A /* AddDogView.swift */,
				7224D63D4A35691E4D41DA74 /* BreedInfoView.swift */,
				DB9E9E4FBEF43128C167CD9B /* BreedRecommendationsView.swift */,
				5ED0C58FA0EF19E400525463 /* DigitalPassportView.swift */,
				CE8F875FF235FEC4F823FF57 /* DogListView.swift */,
				4BAA5499866689C82B955308 /* DogProfileView.swift */,
				A26CC046957A4E82C3BCD51B /* DogStatusView.swift */,
				59F15CC57B99C6737349C122 /* EditDogView.swift */,
				01B5D88B5B1210DF44E9DE20 /* MilestonesView.swift */,
				79C52C1238C5799FFB0E3AA7 /* TimelineView.swift */,
			);
			path = Dogs;
			sourceTree = "<group>";
		};
		28B537A20179321FA9F36504 /* Settings */ = {
			isa = PBXGroup;
			children = (
				243B73CCA3C1D0F487A73304 /* SettingsView.swift */,
			);
			path = Settings;
			sourceTree = "<group>";
		};
		2AF6E74FD3C762507519A9D9 /* Weight */ = {
			isa = PBXGroup;
			children = (
				A58012FD933D791BF72B09C9 /* GrowthChartView.swift */,
				D572B8D10728EEBA33F71B6F /* WeightView.swift */,
			);
			path = Weight;
			sourceTree = "<group>";
		};
		2B3DB21FA47419011DADC4A2 /* Medications */ = {
			isa = PBXGroup;
			children = (
				627AD86B188B39011C0B12CD /* MedicationsView.swift */,
			);
			path = Medications;
			sourceTree = "<group>";
		};
		54457660350120DF3AA5A747 /* Theme */ = {
			isa = PBXGroup;
			children = (
				D01EE4C57296FB37CC6A8A15 /* OPTheme.swift */,
			);
			path = Theme;
			sourceTree = "<group>";
		};
		72B838037393493CA317D935 /* App */ = {
			isa = PBXGroup;
			children = (
				40DE1C57A0039F3A5A228D61 /* OhPuppyApp.swift */,
				B840E75F25909FC3D8D7C42C /* RootView.swift */,
			);
			path = App;
			sourceTree = "<group>";
		};
		81FF20089673BB365815FC00 /* Home */ = {
			isa = PBXGroup;
			children = (
				AC7C48B4BA2B27BE8350399E /* HomeView.swift */,
			);
			path = Home;
			sourceTree = "<group>";
		};
		8B0E66B5EF0F528F2FED8D97 = {
			isa = PBXGroup;
			children = (
				B531A1A5D4E4BCE03D202DC6 /* OhPuppy */,
				D64CC289855412056C5A3018 /* Products */,
			);
			sourceTree = "<group>";
		};
		9930FE638AD7611786EFBD88 /* VetVisits */ = {
			isa = PBXGroup;
			children = (
				8115BDA3305C7166D0C2DA62 /* VetVisitsView.swift */,
			);
			path = VetVisits;
			sourceTree = "<group>";
		};
		9ADA48241A5501F10C97CD08 /* Shared */ = {
			isa = PBXGroup;
			children = (
				C5635E4DFE7173E2901CB27C /* Components */,
			);
			path = Shared;
			sourceTree = "<group>";
		};
		B18F54CA13FF5E96BA98F05C /* Models */ = {
			isa = PBXGroup;
			children = (
				6366986CAD1B625FAE969EAD /* Models.swift */,
			);
			path = Models;
			sourceTree = "<group>";
		};
		B531A1A5D4E4BCE03D202DC6 /* OhPuppy */ = {
			isa = PBXGroup;
			children = (
				71B1E428D0C4ED0521B742EB /* Assets.xcassets */,
				72B838037393493CA317D935 /* App */,
				215636E4BAF2876B9A6D5A29 /* Core */,
				C89C15AECEC3D7616142C7AA /* Features */,
				9ADA48241A5501F10C97CD08 /* Shared */,
			);
			path = OhPuppy;
			sourceTree = "<group>";
		};
		B539C20DA825D6D96D8D62F6 /* Social */ = {
			isa = PBXGroup;
			children = (
				2724D5705B8A12E546C84F00 /* ChatView.swift */,
				AB4B5D807E78B4E8C08751D8 /* DogWalkerView.swift */,
				350350892AD2BBE520840B54 /* EventsView.swift */,
				5A8CE3C92C7A56CE3319ECF0 /* FeedView.swift */,
				6E1B03CF5E30DBE8C667CB00 /* LostDogView.swift */,
				CC0266DA5C8C8B09BBB527AC /* MapView.swift */,
				CCA6FCDED2CEB5AEBEB4AA47 /* PlacesView.swift */,
				09F3259603CB6897F6EF587E /* PlaydateView.swift */,
				18F52F6575CA31B5A1247A12 /* PublicDogProfileView.swift */,
				DC7858535993E924D5B29FE2 /* StoriesView.swift */,
			);
			path = Social;
			sourceTree = "<group>";
		};
		C5635E4DFE7173E2901CB27C /* Components */ = {
			isa = PBXGroup;
			children = (
				8EDFC7F28B2E786B1EDE571C /* SharedComponents.swift */,
			);
			path = Components;
			sourceTree = "<group>";
		};
		C89C15AECEC3D7616142C7AA /* Features */ = {
			isa = PBXGroup;
			children = (
				272EC47B08A546727E13DCDA /* Dogs */,
				C91A32C02426B0948DA6EDEB /* Health */,
				81FF20089673BB365815FC00 /* Home */,
				0279D7BBB4F7BAA3D2328795 /* Onboarding */,
				28B537A20179321FA9F36504 /* Settings */,
				B539C20DA825D6D96D8D62F6 /* Social */,
				02C3A54D707A47C4B0D10AA9 /* Marketplace */,
			);
			path = Features;
			sourceTree = "<group>";
		};
		C91A32C02426B0948DA6EDEB /* Health */ = {
			isa = PBXGroup;
			children = (
				B12DF48A55C5AD1E71423318 /* HealthScoreView.swift */,
				1EB01D1124811B8408DA06D0 /* Grooming */,
				2B3DB21FA47419011DADC4A2 /* Medications */,
				185CC291BBB19AB5E4DE2F93 /* Vaccines */,
				9930FE638AD7611786EFBD88 /* VetVisits */,
				2AF6E74FD3C762507519A9D9 /* Weight */,
			);
			path = Health;
			sourceTree = "<group>";
		};
		D64CC289855412056C5A3018 /* Products */ = {
			isa = PBXGroup;
			children = (
				74ECDA6826DA3A26F2C16AC2 /* OhPuppy.app */,
			);
			name = Products;
			sourceTree = "<group>";
		};
		F59511E0EC454FA39DD90C49 /* Store */ = {
			isa = PBXGroup;
			children = (
				BD69E770B95B830C1E0FA224 /* AppStore.swift */,
			);
			path = Store;
			sourceTree = "<group>";
		};
		02C3A54D707A47C4B0D10AA9 /* Marketplace */ = {
			isa = PBXGroup;
			children = (
				47A6DDF1A3D14276BC820A53 /* MarketplaceView.swift */,
			);
			path = Marketplace;
			sourceTree = "<group>";
		};
/* End PBXGroup section */

/* Begin PBXNativeTarget section */
		3A4ED15B2769D393D80EDF7E /* OhPuppy */ = {
			isa = PBXNativeTarget;
			buildConfigurationList = B31E01612877B8FF9EE47BB2 /* Build configuration list for PBXNativeTarget "OhPuppy" */;
			buildPhases = (
				C5048404835DF016CF17CCC2 /* Sources */,
				6E63D4F56D41A4DBE47ACC2C /* Resources */,
			);
			buildRules = (
			);
			dependencies = (
			);
			name = OhPuppy;
			packageProductDependencies = (
			);
			productName = OhPuppy;
			productReference = 74ECDA6826DA3A26F2C16AC2 /* OhPuppy.app */;
			productType = "com.apple.product-type.application";
		};
/* End PBXNativeTarget section */

/* Begin PBXProject section */
		920C337FD278209C949CC66F /* Project object */ = {
			isa = PBXProject;
			attributes = {
				BuildIndependentTargetsInParallel = YES;
				LastUpgradeCheck = 2600;
				TargetAttributes = {
					3A4ED15B2769D393D80EDF7E = {
						DevelopmentTeam = "";
					};
				};
			};
			buildConfigurationList = EEA3A9C799155789393604BE /* Build configuration list for PBXProject "OhPuppy" */;
			developmentRegion = en;
			hasScannedForEncodings = 0;
			knownRegions = (
				Base,
				en,
			);
			mainGroup = 8B0E66B5EF0F528F2FED8D97;
			minimizedProjectReferenceProxies = 1;
			preferredProjectObjectVersion = 77;
			productRefGroup = D64CC289855412056C5A3018 /* Products */;
			projectDirPath = "";
			projectRoot = "";
			targets = (
				3A4ED15B2769D393D80EDF7E /* OhPuppy */,
			);
		};
/* End PBXProject section */

/* Begin PBXResourcesBuildPhase section */
		6E63D4F56D41A4DBE47ACC2C /* Resources */ = {
			isa = PBXResourcesBuildPhase;
			buildActionMask = 2147483647;
			files = (
				2D82FEB76B7C227EFC2C627A /* Assets.xcassets in Resources */,
			);
			runOnlyForDeploymentPostprocessing = 0;
		};
/* End PBXResourcesBuildPhase section */

/* Begin PBXSourcesBuildPhase section */
		C5048404835DF016CF17CCC2 /* Sources */ = {
			isa = PBXSourcesBuildPhase;
			buildActionMask = 2147483647;
			files = (
				5ABDFB3070B62881CB4D11C2 /* AddDogView.swift in Sources */,
				42757F63047A4BE4BF47CCF2 /* MarketplaceView.swift in Sources */,
				B414EE61446AD3318181909A /* AppStore.swift in Sources */,
				08C109A163C0F6583BA7E4A6 /* BreedInfoView.swift in Sources */,
				90DBAA3018ACC7A5E178C1AB /* BreedRecommendationsView.swift in Sources */,
				C8050838762E46F85D4D040B /* ChatView.swift in Sources */,
				34904885E94B20DDA30A6645 /* DigitalPassportView.swift in Sources */,
				83809D3D3C60E5BB11D97602 /* DogListView.swift in Sources */,
				2EE4FCC7FF119EF75A8931E8 /* DogProfileView.swift in Sources */,
				697B49DA0A14486DBFED8BA2 /* DogStatusView.swift in Sources */,
				61F5C6408329A2A20512F911 /* DogWalkerView.swift in Sources */,
				5A83DE3F171C59D4AF970C19 /* EditDogView.swift in Sources */,
				2703B78860311C356505800D /* EventsView.swift in Sources */,
				8CF8A6CAD76646644C765819 /* FeedView.swift in Sources */,
				9E59B5DDCB70788A5D2246D6 /* GroomingView.swift in Sources */,
				CBCBA8BE6411CA3E26579C5B /* GrowthChartView.swift in Sources */,
				8415CAFB4DCC59790CC2F1CE /* HealthScoreView.swift in Sources */,
				7239947E19916A8070946835 /* HomeView.swift in Sources */,
				6BB80835D21596A313046C4E /* LostDogView.swift in Sources */,
				0980A30356F90745CE1ADA71 /* MapView.swift in Sources */,
				EA9D205295859ED290D17292 /* MedicationsView.swift in Sources */,
				D4FC60DDE7C89B607009D4E8 /* MilestonesView.swift in Sources */,
				94F6446B269863D959C60566 /* Models.swift in Sources */,
				9408B7574A1D3B4A3ED5014D /* OPTheme.swift in Sources */,
				535C207F707CCAF6AE3C7367 /* OhPuppyApp.swift in Sources */,
				1947D00FE715F1A16AA36BBB /* OnboardingView.swift in Sources */,
				CFAFFD2EDC5CEED357833173 /* PlacesView.swift in Sources */,
				2752FCA3F07864B74699C9EA /* PlaydateView.swift in Sources */,
				2CE681F78D812020E2819022 /* PublicDogProfileView.swift in Sources */,
				54B98F7D4094D39D9386B1EA /* RootView.swift in Sources */,
				870226A94482561B9795D7AB /* SettingsView.swift in Sources */,
				EFB423B8D304172D0B9044E2 /* SharedComponents.swift in Sources */,
				3D96C6CE5171B65190B95516 /* SignInView.swift in Sources */,
				0238EC82EA59A68949171923 /* StoriesView.swift in Sources */,
				9A8A155F8E404D2532AA92A0 /* TimelineView.swift in Sources */,
				AED8FA5BF4C9A6BACD75C317 /* VaccineListView.swift in Sources */,
				F6A03916132E5299A1A05B51 /* VetVisitsView.swift in Sources */,
				D70DD15C5A9E0FDA99F8DD00 /* WeightView.swift in Sources */,
			);
			runOnlyForDeploymentPostprocessing = 0;
		};
/* End PBXSourcesBuildPhase section */

/* Begin XCBuildConfiguration section */
		2D4E1D8623071ACA75516ADE /* Release */ = {
			isa = XCBuildConfiguration;
			buildSettings = {
				ASSETCATALOG_COMPILER_APPICON_NAME = AppIcon;
				ASSETCATALOG_COMPILER_GLOBAL_ACCENT_COLOR_NAME = AccentColor;
				CODE_SIGN_IDENTITY = "iPhone Developer";
				CURRENT_PROJECT_VERSION = 1;
				GENERATE_INFOPLIST_FILE = YES;
				INFOPLIST_KEY_NSCameraUsageDescription = "За снимки на кучето ти.";
				INFOPLIST_KEY_NSLocationWhenInUseUsageDescription = "За да ти покажем близки кучета и сигнали за изгубени.";
				INFOPLIST_KEY_NSPhotoLibraryUsageDescription = "За качване на снимки.";
				INFOPLIST_KEY_UIApplicationSceneManifest_Generation = YES;
				INFOPLIST_KEY_UILaunchScreen_Generation = YES;
				INFOPLIST_KEY_UIStatusBarStyle = "";
				INFOPLIST_KEY_UISupportedInterfaceOrientations = UIInterfaceOrientationPortrait;
				LD_RUNPATH_SEARCH_PATHS = (
					"$(inherited)",
					"@executable_path/Frameworks",
				);
				MARKETING_VERSION = 1.0.0;
				PRODUCT_BUNDLE_IDENTIFIER = com.ohpuppy.OhPuppy;
				SDKROOT = iphoneos;
				TARGETED_DEVICE_FAMILY = "1,2";
			};
			name = Release;
		};
		6B664E574859405556E92944 /* Debug */ = {
			isa = XCBuildConfiguration;
			buildSettings = {
				ASSETCATALOG_COMPILER_APPICON_NAME = AppIcon;
				ASSETCATALOG_COMPILER_GLOBAL_ACCENT_COLOR_NAME = AccentColor;
				CODE_SIGN_IDENTITY = "iPhone Developer";
				CURRENT_PROJECT_VERSION = 1;
				GENERATE_INFOPLIST_FILE = YES;
				INFOPLIST_KEY_NSCameraUsageDescription = "За снимки на кучето ти.";
				INFOPLIST_KEY_NSLocationWhenInUseUsageDescription = "За да ти покажем близки кучета и сигнали за изгубени.";
				INFOPLIST_KEY_NSPhotoLibraryUsageDescription = "За качване на снимки.";
				INFOPLIST_KEY_UIApplicationSceneManifest_Generation = YES;
				INFOPLIST_KEY_UILaunchScreen_Generation = YES;
				INFOPLIST_KEY_UIStatusBarStyle = "";
				INFOPLIST_KEY_UISupportedInterfaceOrientations = UIInterfaceOrientationPortrait;
				LD_RUNPATH_SEARCH_PATHS = (
					"$(inherited)",
					"@executable_path/Frameworks",
				);
				MARKETING_VERSION = 1.0.0;
				PRODUCT_BUNDLE_IDENTIFIER = com.ohpuppy.OhPuppy;
				SDKROOT = iphoneos;
				TARGETED_DEVICE_FAMILY = "1,2";
			};
			name = Debug;
		};
		7E97EDE8AF6F15840D854F09 /* Debug */ = {
			isa = XCBuildConfiguration;
			buildSettings = {
				ALWAYS_SEARCH_USER_PATHS = NO;
				CLANG_ANALYZER_NONNULL = YES;
				CLANG_ANALYZER_NUMBER_OBJECT_CONVERSION = YES_AGGRESSIVE;
				CLANG_CXX_LANGUAGE_STANDARD = "gnu++14";
				CLANG_CXX_LIBRARY = "libc++";
				CLANG_ENABLE_MODULES = YES;
				CLANG_ENABLE_OBJC_ARC = YES;
				CLANG_ENABLE_OBJC_WEAK = YES;
				CLANG_WARN_BLOCK_CAPTURE_AUTORELEASING = YES;
				CLANG_WARN_BOOL_CONVERSION = YES;
				CLANG_WARN_COMMA = YES;
				CLANG_WARN_CONSTANT_CONVERSION = YES;
				CLANG_WARN_DEPRECATED_OBJC_IMPLEMENTATIONS = YES;
				CLANG_WARN_DIRECT_OBJC_ISA_USAGE = YES_ERROR;
				CLANG_WARN_DOCUMENTATION_COMMENTS = YES;
				CLANG_WARN_EMPTY_BODY = YES;
				CLANG_WARN_ENUM_CONVERSION = YES;
				CLANG_WARN_INFINITE_RECURSION = YES;
				CLANG_WARN_INT_CONVERSION = YES;
				CLANG_WARN_NON_LITERAL_NULL_CONVERSION = YES;
				CLANG_WARN_OBJC_IMPLICIT_RETAIN_SELF = YES;
				CLANG_WARN_OBJC_LITERAL_CONVERSION = YES;
				CLANG_WARN_OBJC_ROOT_CLASS = YES_ERROR;
				CLANG_WARN_QUOTED_INCLUDE_IN_FRAMEWORK_HEADER = YES;
				CLANG_WARN_RANGE_LOOP_ANALYSIS = YES;
				CLANG_WARN_STRICT_PROTOTYPES = YES;
				CLANG_WARN_SUSPICIOUS_MOVE = YES;
				CLANG_WARN_UNGUARDED_AVAILABILITY = YES_AGGRESSIVE;
				CLANG_WARN_UNREACHABLE_CODE = YES;
				CLANG_WARN__DUPLICATE_METHOD_MATCH = YES;
				COPY_PHASE_STRIP = NO;
				DEBUG_INFORMATION_FORMAT = dwarf;
				DEVELOPMENT_TEAM = "";
				ENABLE_STRICT_OBJC_MSGSEND = YES;
				ENABLE_TESTABILITY = YES;
				GCC_C_LANGUAGE_STANDARD = gnu11;
				GCC_DYNAMIC_NO_PIC = NO;
				GCC_NO_COMMON_BLOCKS = YES;
				GCC_OPTIMIZATION_LEVEL = 0;
				GCC_PREPROCESSOR_DEFINITIONS = (
					"$(inherited)",
					"DEBUG=1",
				);
				GCC_WARN_64_TO_32_BIT_CONVERSION = YES;
				GCC_WARN_ABOUT_RETURN_TYPE = YES_ERROR;
				GCC_WARN_UNDECLARED_SELECTOR = YES;
				GCC_WARN_UNINITIALIZED_AUTOS = YES_AGGRESSIVE;
				GCC_WARN_UNUSED_FUNCTION = YES;
				GCC_WARN_UNUSED_VARIABLE = YES;
				IPHONEOS_DEPLOYMENT_TARGET = 18.0;
				MTL_ENABLE_DEBUG_INFO = INCLUDE_SOURCE;
				MTL_FAST_MATH = YES;
				ONLY_ACTIVE_ARCH = YES;
				PRODUCT_NAME = "$(TARGET_NAME)";
				SDKROOT = iphoneos;
				SWIFT_ACTIVE_COMPILATION_CONDITIONS = DEBUG;
				SWIFT_OPTIMIZATION_LEVEL = "-Onone";
				SWIFT_VERSION = 5.9;
			};
			name = Debug;
		};
		D7140964B8F7250B7A06C07D /* Release */ = {
			isa = XCBuildConfiguration;
			buildSettings = {
				ALWAYS_SEARCH_USER_PATHS = NO;
				CLANG_ANALYZER_NONNULL = YES;
				CLANG_ANALYZER_NUMBER_OBJECT_CONVERSION = YES_AGGRESSIVE;
				CLANG_CXX_LANGUAGE_STANDARD = "gnu++14";
				CLANG_CXX_LIBRARY = "libc++";
				CLANG_ENABLE_MODULES = YES;
				CLANG_ENABLE_OBJC_ARC = YES;
				CLANG_ENABLE_OBJC_WEAK = YES;
				CLANG_WARN_BLOCK_CAPTURE_AUTORELEASING = YES;
				CLANG_WARN_BOOL_CONVERSION = YES;
				CLANG_WARN_COMMA = YES;
				CLANG_WARN_CONSTANT_CONVERSION = YES;
				CLANG_WARN_DEPRECATED_OBJC_IMPLEMENTATIONS = YES;
				CLANG_WARN_DIRECT_OBJC_ISA_USAGE = YES_ERROR;
				CLANG_WARN_DOCUMENTATION_COMMENTS = YES;
				CLANG_WARN_EMPTY_BODY = YES;
				CLANG_WARN_ENUM_CONVERSION = YES;
				CLANG_WARN_INFINITE_RECURSION = YES;
				CLANG_WARN_INT_CONVERSION = YES;
				CLANG_WARN_NON_LITERAL_NULL_CONVERSION = YES;
				CLANG_WARN_OBJC_IMPLICIT_RETAIN_SELF = YES;
				CLANG_WARN_OBJC_LITERAL_CONVERSION = YES;
				CLANG_WARN_OBJC_ROOT_CLASS = YES_ERROR;
				CLANG_WARN_QUOTED_INCLUDE_IN_FRAMEWORK_HEADER = YES;
				CLANG_WARN_RANGE_LOOP_ANALYSIS = YES;
				CLANG_WARN_STRICT_PROTOTYPES = YES;
				CLANG_WARN_SUSPICIOUS_MOVE = YES;
				CLANG_WARN_UNGUARDED_AVAILABILITY = YES_AGGRESSIVE;
				CLANG_WARN_UNREACHABLE_CODE = YES;
				CLANG_WARN__DUPLICATE_METHOD_MATCH = YES;
				COPY_PHASE_STRIP = NO;
				DEBUG_INFORMATION_FORMAT = "dwarf-with-dsym";
				DEVELOPMENT_TEAM = "";
				ENABLE_NS_ASSERTIONS = NO;
				ENABLE_STRICT_OBJC_MSGSEND = YES;
				GCC_C_LANGUAGE_STANDARD = gnu11;
				GCC_NO_COMMON_BLOCKS = YES;
				GCC_WARN_64_TO_32_BIT_CONVERSION = YES;
				GCC_WARN_ABOUT_RETURN_TYPE = YES_ERROR;
				GCC_WARN_UNDECLARED_SELECTOR = YES;
				GCC_WARN_UNINITIALIZED_AUTOS = YES_AGGRESSIVE;
				GCC_WARN_UNUSED_FUNCTION = YES;
				GCC_WARN_UNUSED_VARIABLE = YES;
				IPHONEOS_DEPLOYMENT_TARGET = 18.0;
				MTL_ENABLE_DEBUG_INFO = NO;
				MTL_FAST_MATH = YES;
				PRODUCT_NAME = "$(TARGET_NAME)";
				SDKROOT = iphoneos;
				SWIFT_COMPILATION_MODE = wholemodule;
				SWIFT_OPTIMIZATION_LEVEL = "-O";
				SWIFT_VERSION = 5.9;
			};
			name = Release;
		};
/* End XCBuildConfiguration section */

/* Begin XCConfigurationList section */
		B31E01612877B8FF9EE47BB2 /* Build configuration list for PBXNativeTarget "OhPuppy" */ = {
			isa = XCConfigurationList;
			buildConfigurations = (
				6B664E574859405556E92944 /* Debug */,
				2D4E1D8623071ACA75516ADE /* Release */,
			);
			defaultConfigurationIsVisible = 0;
			defaultConfigurationName = Debug;
		};
		EEA3A9C799155789393604BE /* Build configuration list for PBXProject "OhPuppy" */ = {
			isa = XCConfigurationList;
			buildConfigurations = (
				7E97EDE8AF6F15840D854F09 /* Debug */,
				D7140964B8F7250B7A06C07D /* Release */,
			);
			defaultConfigurationIsVisible = 0;
			defaultConfigurationName = Debug;
		};
/* End XCConfigurationList section */
	};
	rootObject = 920C337FD278209C949CC66F /* Project object */;
}
